
Microsoft Visual Studio Solution File, Format Version 12.00
# Visual Studio 15
VisualStudioVersion = 15.0.26124.0
MinimumVisualStudioVersion = 15.0.26124.0
Project("{FAE04EC0-301F-11D3-BF4B-00C04F79EFBC}") = "CRM.Business", "CRM.Business\CRM.Business.csproj", "{A7DF8D56-BE20-466E-9071-D355898081D2}"
EndProject
Project("{FAE04EC0-301F-11D3-BF4B-00C04F79EFBC}") = "CRM.api", "CRM.api\CRM.api.csproj", "{68C28197-DA33-48E6-B87C-98DC9B92F5F5}"
EndProject
Project("{FAE04EC0-301F-11D3-BF4B-00C04F79EFBC}") = "CRM.DataStore", "CRM.DataStore\CRM.DataStore.csproj", "{A431D042-E63A-48A5-A20C-70A2455DF970}"
EndProject
Project("{FAE04EC0-301F-11D3-BF4B-00C04F79EFBC}") = "CRM.Models", "CRM.Models\CRM.Models.csproj", "{314E522F-EA19-4370-9F75-3B537F0A32EF}"
EndProject
Global
	GlobalSection(SolutionConfigurationPlatforms) = preSolution
		Debug|Any CPU = Debug|Any CPU
		Debug|x64 = Debug|x64
		Debug|x86 = Debug|x86
		Release|Any CPU = Release|Any CPU
		Release|x64 = Release|x64
		Release|x86 = Release|x86
	EndGlobalSection
	GlobalSection(SolutionProperties) = preSolution
		HideSolutionNode = FALSE
	EndGlobalSection
	GlobalSection(ProjectConfigurationPlatforms) = postSolution
		{A7DF8D56-BE20-466E-9071-D355898081D2}.Debug|Any CPU.ActiveCfg = Debug|Any CPU
		{A7DF8D56-BE20-466E-9071-D355898081D2}.Debug|Any CPU.Build.0 = Debug|Any CPU
		{A7DF8D56-BE20-466E-9071-D355898081D2}.Debug|x64.ActiveCfg = Debug|Any CPU
		{A7DF8D56-BE20-466E-9071-D355898081D2}.Debug|x64.Build.0 = Debug|Any CPU
		{A7DF8D56-BE20-466E-9071-D355898081D2}.Debug|x86.ActiveCfg = Debug|Any CPU
		{A7DF8D56-BE20-466E-9071-D355898081D2}.Debug|x86.Build.0 = Debug|Any CPU
		{A7DF8D56-BE20-466E-9071-D355898081D2}.Release|Any CPU.ActiveCfg = Release|Any CPU
		{A7DF8D56-BE20-466E-9071-D355898081D2}.Release|Any CPU.Build.0 = Release|Any CPU
		{A7DF8D56-BE20-466E-9071-D355898081D2}.Release|x64.ActiveCfg = Release|Any CPU
		{A7DF8D56-BE20-466E-9071-D355898081D2}.Release|x64.Build.0 = Release|Any CPU
		{A7DF8D56-BE20-466E-9071-D355898081D2}.Release|x86.ActiveCfg = Release|Any CPU
		{A7DF8D56-BE20-466E-9071-D355898081D2}.Release|x86.Build.0 = Release|Any CPU
		{68C28197-DA33-48E6-B87C-98DC9B92F5F5}.Debug|Any CPU.ActiveCfg = Debug|Any CPU
		{68C28197-DA33-48E6-B87C-98DC9B92F5F5}.Debug|Any CPU.Build.0 = Debug|Any CPU
		{68C28197-DA33-48E6-B87C-98DC9B92F5F5}.Debug|x64.ActiveCfg = Debug|Any CPU
		{68C28197-DA33-48E6-B87C-98DC9B92F5F5}.Debug|x64.Build.0 = Debug|Any CPU
		{68C28197-DA33-48E6-B87C-98DC9B92F5F5}.Debug|x86.ActiveCfg = Debug|Any CPU
		{68C28197-DA33-48E6-B87C-98DC9B92F5F5}.Debug|x86.Build.0 = Debug|Any CPU
		{68C28197-DA33-48E6-B87C-98DC9B92F5F5}.Release|Any CPU.ActiveCfg = Release|Any CPU
		{68C28197-DA33-48E6-B87C-98DC9B92F5F5}.Release|Any CPU.Build.0 = Release|Any CPU
		{68C28197-DA33-48E6-B87C-98DC9B92F5F5}.Release|x64.ActiveCfg = Release|Any CPU
		{68C28197-DA33-48E6-B87C-98DC9B92F5F5}.Release|x64.Build.0 = Release|Any CPU
		{68C28197-DA33-48E6-B87C-98DC9B92F5F5}.Release|x86.ActiveCfg = Release|Any CPU
		{68C28197-DA33-48E6-B87C-98DC9B92F5F5}.Release|x86.Build.0 = Release|Any CPU
		{A431D042-E63A-48A5-A20C-70A2455DF970}.Debug|Any CPU.ActiveCfg = Debug|Any CPU
		{A431D042-E63A-48A5-A20C-70A2455DF970}.Debug|Any CPU.Build.0 = Debug|Any CPU
		{A431D042-E63A-48A5-A20C-70A2455DF970}.Debug|x64.ActiveCfg = Debug|Any CPU
		{A431D042-E63A-48A5-A20C-70A2455DF970}.Debug|x64.Build.0 = Debug|Any CPU
		{A431D042-E63A-48A5-A20C-70A2455DF970}.Debug|x86.ActiveCfg = Debug|Any CPU
		{A431D042-E63A-48A5-A20C-70A2455DF970}.Debug|x86.Build.0 = Debug|Any CPU
		{A431D042-E63A-48A5-A20C-70A2455DF970}.Release|Any CPU.ActiveCfg = Release|Any CPU
		{A431D042-E63A-48A5-A20C-70A2455DF970}.Release|Any CPU.Build.0 = Release|Any CPU
		{A431D042-E63A-48A5-A20C-70A2455DF970}.Release|x64.ActiveCfg = Release|Any CPU
		{A431D042-E63A-48A5-A20C-70A2455DF970}.Release|x64.Build.0 = Release|Any CPU
		{A431D042-E63A-48A5-A20C-70A2455DF970}.Release|x86.ActiveCfg = Release|Any CPU
		{A431D042-E63A-48A5-A20C-70A2455DF970}.Release|x86.Build.0 = Release|Any CPU
		{314E522F-EA19-4370-9F75-3B537F0A32EF}.Debug|Any CPU.ActiveCfg = Debug|Any CPU
		{314E522F-EA19-4370-9F75-3B537F0A32EF}.Debug|Any CPU.Build.0 = Debug|Any CPU
		{314E522F-EA19-4370-9F75-3B537F0A32EF}.Debug|x64.ActiveCfg = Debug|Any CPU
		{314E522F-EA19-4370-9F75-3B537F0A32EF}.Debug|x64.Build.0 = Debug|Any CPU
		{314E522F-EA19-4370-9F75-3B537F0A32EF}.Debug|x86.ActiveCfg = Debug|Any CPU
		{314E522F-EA19-4370-9F75-3B537F0A32EF}.Debug|x86.Build.0 = Debug|Any CPU
		{314E522F-EA19-4370-9F75-3B537F0A32EF}.Release|Any CPU.ActiveCfg = Release|Any CPU
		{314E522F-EA19-4370-9F75-3B537F0A32EF}.Release|Any CPU.Build.0 = Release|Any CPU
		{314E522F-EA19-4370-9F75-3B537F0A32EF}.Release|x64.ActiveCfg = Release|Any CPU
		{314E522F-EA19-4370-9F75-3B537F0A32EF}.Release|x64.Build.0 = Release|Any CPU
		{314E522F-EA19-4370-9F75-3B537F0A32EF}.Release|x86.ActiveCfg = Release|Any CPU
		{314E522F-EA19-4370-9F75-3B537F0A32EF}.Release|x86.Build.0 = Release|Any CPU
	EndGlobalSection
EndGlobal
